
Microsoft Visual Studio Solution File, Format Version 12.00
# Visual Studio Version 17
VisualStudioVersion = 17.9.34728.123
MinimumVisualStudioVersion = 10.0.40219.1
Project("{FAE04EC0-301F-11D3-BF4B-00C04F79EFBC}") = "ProjeHastahaneYönetimOtomasyonu", "ProjeHastahaneYönetimOtomasyonu\ProjeHastahaneYönetimOtomasyonu.csproj", "{EAF1CE31-0C34-4DF8-9BCC-BC3D1FA951F1}"
EndProject
Global
	GlobalSection(SolutionConfigurationPlatforms) = preSolution
		Debug|Any CPU = Debug|Any CPU
		Release|Any CPU = Release|Any CPU
	EndGlobalSection
	GlobalSection(ProjectConfigurationPlatforms) = postSolution
		{EAF1CE31-0C34-4DF8-9BCC-BC3D1FA951F1}.Debug|Any CPU.ActiveCfg = Debug|Any CPU
		{EAF1CE31-0C34-4DF8-9BCC-BC3D1FA951F1}.Debug|Any CPU.Build.0 = Debug|Any CPU
		{EAF1CE31-0C34-4DF8-9BCC-BC3D1FA951F1}.Release|Any CPU.ActiveCfg = Release|Any CPU
		{EAF1CE31-0C34-4DF8-9BCC-BC3D1FA951F1}.Release|Any CPU.Build.0 = Release|Any CPU
	EndGlobalSection
	GlobalSection(SolutionProperties) = preSolution
		HideSolutionNode = FALSE
	EndGlobalSection
	GlobalSection(ExtensibilityGlobals) = postSolution
		SolutionGuid = {89D7A7D6-23F7-4D57-82CE-52061DF0A7F8}
	EndGlobalSection
EndGlobal
